
Microsoft Visual Studio Solution File, Format Version 12.00
# Visual Studio Version 16
VisualStudioVersion = 16.0.32126.315
MinimumVisualStudioVersion = 10.0.40219.1
Project("{9A19103F-16F7-4668-BE54-9A1E7A4F7556}") = "Education.Module3", "Education.Module3\Education.Module3.csproj", "{43135423-EDAE-49F4-AB35-8990BFE51DBA}"
EndProject
Project("{FAE04EC0-301F-11D3-BF4B-00C04F79EFBC}") = "Education.Module-4", "Education.Module-4\Education.Module-4.csproj", "{2F503FD9-8DFC-426C-92A0-743A8EEC241D}"
EndProject
Global
	GlobalSection(SolutionConfigurationPlatforms) = preSolution
		Debug|Any CPU = Debug|Any CPU
		Release|Any CPU = Release|Any CPU
	EndGlobalSection
	GlobalSection(ProjectConfigurationPlatforms) = postSolution
		{43135423-EDAE-49F4-AB35-8990BFE51DBA}.Debug|Any CPU.ActiveCfg = Debug|Any CPU
		{43135423-EDAE-49F4-AB35-8990BFE51DBA}.Debug|Any CPU.Build.0 = Debug|Any CPU
		{43135423-EDAE-49F4-AB35-8990BFE51DBA}.Release|Any CPU.ActiveCfg = Release|Any CPU
		{43135423-EDAE-49F4-AB35-8990BFE51DBA}.Release|Any CPU.Build.0 = Release|Any CPU
		{2F503FD9-8DFC-426C-92A0-743A8EEC241D}.Debug|Any CPU.ActiveCfg = Debug|Any CPU
		{2F503FD9-8DFC-426C-92A0-743A8EEC241D}.Debug|Any CPU.Build.0 = Debug|Any CPU
		{2F503FD9-8DFC-426C-92A0-743A8EEC241D}.Release|Any CPU.ActiveCfg = Release|Any CPU
		{2F503FD9-8DFC-426C-92A0-743A8EEC241D}.Release|Any CPU.Build.0 = Release|Any CPU
	EndGlobalSection
	GlobalSection(SolutionProperties) = preSolution
		HideSolutionNode = FALSE
	EndGlobalSection
	GlobalSection(ExtensibilityGlobals) = postSolution
		SolutionGuid = {F5F11E97-C7AC-432E-B9B4-F2BAD93C8844}
	EndGlobalSection
EndGlobal
